
Microsoft Visual Studio Solution File, Format Version 12.00
# Visual Studio Version 16
VisualStudioVersion = 16.0.30114.105
MinimumVisualStudioVersion = 10.0.40219.1
Project("{9A19103F-16F7-4668-BE54-9A1E7A4F7556}") = "Giving_Web", "Giving_Web\Giving_Web.csproj", "{340709A6-0C6A-4948-BDD3-AB917FA283CB}"
EndProject
Project("{9A19103F-16F7-4668-BE54-9A1E7A4F7556}") = "Giving_Api", "Giving_Api\Giving_Api.csproj", "{4892D01E-EF25-49AB-9854-7E0FAFDC1949}"
EndProject
Project("{FAE04EC0-301F-11D3-BF4B-00C04F79EFBC}") = "MessagingAlertSender", "MessagingAlertSender\MessagingAlertSender.csproj", "{974DA792-AAE4-4415-BA86-A4C22F0680EF}"
EndProject
Global
	GlobalSection(SolutionConfigurationPlatforms) = preSolution
		Debug|Any CPU = Debug|Any CPU
		Release|Any CPU = Release|Any CPU
	EndGlobalSection
	GlobalSection(ProjectConfigurationPlatforms) = postSolution
		{340709A6-0C6A-4948-BDD3-AB917FA283CB}.Debug|Any CPU.ActiveCfg = Debug|Any CPU
		{340709A6-0C6A-4948-BDD3-AB917FA283CB}.Debug|Any CPU.Build.0 = Debug|Any CPU
		{340709A6-0C6A-4948-BDD3-AB917FA283CB}.Release|Any CPU.ActiveCfg = Release|Any CPU
		{340709A6-0C6A-4948-BDD3-AB917FA283CB}.Release|Any CPU.Build.0 = Release|Any CPU
		{4892D01E-EF25-49AB-9854-7E0FAFDC1949}.Debug|Any CPU.ActiveCfg = Debug|Any CPU
		{4892D01E-EF25-49AB-9854-7E0FAFDC1949}.Debug|Any CPU.Build.0 = Debug|Any CPU
		{4892D01E-EF25-49AB-9854-7E0FAFDC1949}.Release|Any CPU.ActiveCfg = Release|Any CPU
		{4892D01E-EF25-49AB-9854-7E0FAFDC1949}.Release|Any CPU.Build.0 = Release|Any CPU
		{8EE47057-3F40-44E7-9F05-01FB47C77ECD}.Debug|Any CPU.ActiveCfg = Debug|Any CPU
		{8EE47057-3F40-44E7-9F05-01FB47C77ECD}.Debug|Any CPU.Build.0 = Debug|Any CPU
		{8EE47057-3F40-44E7-9F05-01FB47C77ECD}.Release|Any CPU.ActiveCfg = Release|Any CPU
		{8EE47057-3F40-44E7-9F05-01FB47C77ECD}.Release|Any CPU.Build.0 = Release|Any CPU
		{974DA792-AAE4-4415-BA86-A4C22F0680EF}.Debug|Any CPU.ActiveCfg = Debug|Any CPU
		{974DA792-AAE4-4415-BA86-A4C22F0680EF}.Debug|Any CPU.Build.0 = Debug|Any CPU
		{974DA792-AAE4-4415-BA86-A4C22F0680EF}.Release|Any CPU.ActiveCfg = Release|Any CPU
		{974DA792-AAE4-4415-BA86-A4C22F0680EF}.Release|Any CPU.Build.0 = Release|Any CPU
	EndGlobalSection
	GlobalSection(SolutionProperties) = preSolution
		HideSolutionNode = FALSE
	EndGlobalSection
	GlobalSection(ExtensibilityGlobals) = postSolution
		SolutionGuid = {DAD3123F-BCDE-4B5C-88E5-B47689D564F3}
	EndGlobalSection
EndGlobal
